
Microsoft Visual Studio Solution File, Format Version 12.00
# Visual Studio Version 16
VisualStudioVersion = 16.0.29806.167
MinimumVisualStudioVersion = 10.0.40219.1
Project("{FAE04EC0-301F-11D3-BF4B-00C04F79EFBC}") = "P03_FootballBetting", "P03_FootballBetting\P03_FootballBetting.csproj", "{EC4AAD95-EE7C-473F-8E22-A7A221994C6F}"
EndProject
Project("{FAE04EC0-301F-11D3-BF4B-00C04F79EFBC}") = "P03_FootballBetting.Data", "P03_FootballBetting.Data\P03_FootballBetting.Data.csproj", "{51F24011-A68B-44A4-B9A0-1F2B0D401F9A}"
EndProject
Project("{FAE04EC0-301F-11D3-BF4B-00C04F79EFBC}") = "P03_FootballBetting.Data.Models", "P03_FootballBetting.Data.Models\P03_FootballBetting.Data.Models.csproj", "{9E3CF67D-F9C3-4252-8314-A20FC132A578}"
EndProject
Global
	GlobalSection(SolutionConfigurationPlatforms) = preSolution
		Debug|Any CPU = Debug|Any CPU
		Release|Any CPU = Release|Any CPU
	EndGlobalSection
	GlobalSection(ProjectConfigurationPlatforms) = postSolution
		{EC4AAD95-EE7C-473F-8E22-A7A221994C6F}.Debug|Any CPU.ActiveCfg = Debug|Any CPU
		{EC4AAD95-EE7C-473F-8E22-A7A221994C6F}.Debug|Any CPU.Build.0 = Debug|Any CPU
		{EC4AAD95-EE7C-473F-8E22-A7A221994C6F}.Release|Any CPU.ActiveCfg = Release|Any CPU
		{EC4AAD95-EE7C-473F-8E22-A7A221994C6F}.Release|Any CPU.Build.0 = Release|Any CPU
		{51F24011-A68B-44A4-B9A0-1F2B0D401F9A}.Debug|Any CPU.ActiveCfg = Debug|Any CPU
		{51F24011-A68B-44A4-B9A0-1F2B0D401F9A}.Debug|Any CPU.Build.0 = Debug|Any CPU
		{51F24011-A68B-44A4-B9A0-1F2B0D401F9A}.Release|Any CPU.ActiveCfg = Release|Any CPU
		{51F24011-A68B-44A4-B9A0-1F2B0D401F9A}.Release|Any CPU.Build.0 = Release|Any CPU
		{9E3CF67D-F9C3-4252-8314-A20FC132A578}.Debug|Any CPU.ActiveCfg = Debug|Any CPU
		{9E3CF67D-F9C3-4252-8314-A20FC132A578}.Debug|Any CPU.Build.0 = Debug|Any CPU
		{9E3CF67D-F9C3-4252-8314-A20FC132A578}.Release|Any CPU.ActiveCfg = Release|Any CPU
		{9E3CF67D-F9C3-4252-8314-A20FC132A578}.Release|Any CPU.Build.0 = Release|Any CPU
	EndGlobalSection
	GlobalSection(SolutionProperties) = preSolution
		HideSolutionNode = FALSE
	EndGlobalSection
	GlobalSection(ExtensibilityGlobals) = postSolution
		SolutionGuid = {CFF7D20C-1449-4B02-B581-2A2E511C9275}
	EndGlobalSection
EndGlobal
